// !$*UTF8*$!
{
	archiveVersion = 1;
	classes = {
	};
	objectVersion = 50;
	objects = {

/* Begin PBXBuildFile section */
		9C6BF03F2118BEB90091D6A4 /* AppDelegate.swift in Sources */ = {isa = PBXBuildFile; fileRef = 9C6BF03E2118BEB90091D6A4 /* AppDelegate.swift */; };
		9C6BF0412118BEB90091D6A4 /* ViewController.swift in Sources */ = {isa = PBXBuildFile; fileRef = 9C6BF0402118BEB90091D6A4 /* ViewController.swift */; };
		9C6BF0442118BEB90091D6A4 /* Main.storyboard in Resources */ = {isa = PBXBuildFile; fileRef = 9C6BF0422118BEB90091D6A4 /* Main.storyboard */; };
		9C6BF0462118BEBA0091D6A4 /* Assets.xcassets in Resources */ = {isa = PBXBuildFile; fileRef = 9C6BF0452118BEBA0091D6A4 /* Assets.xcassets */; };
		9C6BF0492118BEBA0091D6A4 /* LaunchScreen.storyboard in Resources */ = {isa = PBXBuildFile; fileRef = 9C6BF0472118BEBA0091D6A4 /* LaunchScreen.storyboard */; };
		9C6BF0542118BEBA0091D6A4 /* FrontTests.swift in Sources */ = {isa = PBXBuildFile; fileRef = 9C6BF0532118BEBA0091D6A4 /* FrontTests.swift */; };
		9C6BF05F2118BEBB0091D6A4 /* FrontUITests.swift in Sources */ = {isa = PBXBuildFile; fileRef = 9C6BF05E2118BEBB0091D6A4 /* FrontUITests.swift */; };
		9C6BF06D2118C2530091D6A4 /* Screen.png in Resources */ = {isa = PBXBuildFile; fileRef = 9C6BF06C2118C2530091D6A4 /* Screen.png */; };
		9CBDDD7021195B370099B3C0 /* SF-Pro-Display-Thin.otf in Resources */ = {isa = PBXBuildFile; fileRef = 9CBDDD5221195B370099B3C0 /* SF-Pro-Display-Thin.otf */; };
		9CBDDD7121195B370099B3C0 /* SF-Pro-Display-SemiboldItalic.otf in Resources */ = {isa = PBXBuildFile; fileRef = 9CBDDD5321195B370099B3C0 /* SF-Pro-Display-SemiboldItalic.otf */; };
		9CBDDD7221195B370099B3C0 /* SF-Pro-Text-Heavy.otf in Resources */ = {isa = PBXBuildFile; fileRef = 9CBDDD5421195B370099B3C0 /* SF-Pro-Text-Heavy.otf */; };
		9CBDDD7321195B370099B3C0 /* SF-Pro-Display-RegularItalic.otf in Resources */ = {isa = PBXBuildFile; fileRef = 9CBDDD5521195B370099B3C0 /* SF-Pro-Display-RegularItalic.otf */; };
		9CBDDD7421195B370099B3C0 /* SF-Pro-Display-Light.otf in Resources */ = {isa = PBXBuildFile; fileRef = 9CBDDD5621195B370099B3C0 /* SF-Pro-Display-Light.otf */; };
		9CBDDD7521195B370099B3C0 /* SF-Pro-Display-Regular.otf in Resources */ = {isa = PBXBuildFile; fileRef = 9CBDDD5721195B370099B3C0 /* SF-Pro-Display-Regular.otf */; };
		9CBDDD7621195B370099B3C0 /* SF-Pro-Text-MediumItalic.otf in Resources */ = {isa = PBXBuildFile; fileRef = 9CBDDD5821195B370099B3C0 /* SF-Pro-Text-MediumItalic.otf */; };
		9CBDDD7721195B370099B3C0 /* SF-Pro-Display-Bold.otf in Resources */ = {isa = PBXBuildFile; fileRef = 9CBDDD5921195B370099B3C0 /* SF-Pro-Display-Bold.otf */; };
		9CBDDD7821195B370099B3C0 /* SF-Pro-Display-Medium.otf in Resources */ = {isa = PBXBuildFile; fileRef = 9CBDDD5A21195B370099B3C0 /* SF-Pro-Display-Medium.otf */; };
		9CBDDD7921195B370099B3C0 /* SF-Pro-Display-Heavy.otf in Resources */ = {isa = PBXBuildFile; fileRef = 9CBDDD5B21195B370099B3C0 /* SF-Pro-Display-Heavy.otf */; };
		9CBDDD7A21195B370099B3C0 /* SF-Pro-Text-Light.otf in Resources */ = {isa = PBXBuildFile; fileRef = 9CBDDD5C21195B370099B3C0 /* SF-Pro-Text-Light.otf */; };
		9CBDDD7B21195B370099B3C0 /* SF-Pro-Display-Semibold.otf in Resources */ = {isa = PBXBuildFile; fileRef = 9CBDDD5D21195B370099B3C0 /* SF-Pro-Display-Semibold.otf */; };
		9CBDDD7C21195B370099B3C0 /* SF-Pro-Text-Regular.otf in Resources */ = {isa = PBXBuildFile; fileRef = 9CBDDD5E21195B370099B3C0 /* SF-Pro-Text-Regular.otf */; };
		9CBDDD7D21195B370099B3C0 /* SF-Pro-Text-Bold.otf in Resources */ = {isa = PBXBuildFile; fileRef = 9CBDDD5F21195B370099B3C0 /* SF-Pro-Text-Bold.otf */; };
		9CBDDD7E21195B370099B3C0 /* SF-Pro-Display-MediumItalic.otf in Resources */ = {isa = PBXBuildFile; fileRef = 9CBDDD6021195B370099B3C0 /* SF-Pro-Display-MediumItalic.otf */; };
		9CBDDD7F21195B370099B3C0 /* SF-Pro-Display-HeavyItalic.otf in Resources */ = {isa = PBXBuildFile; fileRef = 9CBDDD6121195B370099B3C0 /* SF-Pro-Display-HeavyItalic.otf */; };
		9CBDDD8021195B370099B3C0 /* SF-Pro-Display-Ultralight.otf in Resources */ = {isa = PBXBuildFile; fileRef = 9CBDDD6221195B370099B3C0 /* SF-Pro-Display-Ultralight.otf */; };
		9CBDDD8121195B370099B3C0 /* SF-Pro-Display-UltralightItalic.otf in Resources */ = {isa = PBXBuildFile; fileRef = 9CBDDD6321195B370099B3C0 /* SF-Pro-Display-UltralightItalic.otf */; };
		9CBDDD8221195B370099B3C0 /* SF-Pro-Display-LightItalic.otf in Resources */ = {isa = PBXBuildFile; fileRef = 9CBDDD6421195B370099B3C0 /* SF-Pro-Display-LightItalic.otf */; };
		9CBDDD8321195B370099B3C0 /* SF-Pro-Display-BlackItalic.otf in Resources */ = {isa = PBXBuildFile; fileRef = 9CBDDD6521195B370099B3C0 /* SF-Pro-Display-BlackItalic.otf */; };
		9CBDDD8421195B370099B3C0 /* SF-Pro-Display-Black.otf in Resources */ = {isa = PBXBuildFile; fileRef = 9CBDDD6621195B370099B3C0 /* SF-Pro-Display-Black.otf */; };
		9CBDDD8521195B370099B3C0 /* SF-Pro-Text-BoldItalic.otf in Resources */ = {isa = PBXBuildFile; fileRef = 9CBDDD6721195B370099B3C0 /* SF-Pro-Text-BoldItalic.otf */; };
		9CBDDD8621195B370099B3C0 /* SF-Pro-Text-RegularItalic.otf in Resources */ = {isa = PBXBuildFile; fileRef = 9CBDDD6821195B370099B3C0 /* SF-Pro-Text-RegularItalic.otf */; };
		9CBDDD8721195B370099B3C0 /* SF-Pro-Text-Semibold.otf in Resources */ = {isa = PBXBuildFile; fileRef = 9CBDDD6921195B370099B3C0 /* SF-Pro-Text-Semibold.otf */; };
		9CBDDD8821195B370099B3C0 /* SF-Pro-Text-HeavyItalic.otf in Resources */ = {isa = PBXBuildFile; fileRef = 9CBDDD6A21195B370099B3C0 /* SF-Pro-Text-HeavyItalic.otf */; };
		9CBDDD8921195B370099B3C0 /* SF-Pro-Display-ThinItalic.otf in Resources */ = {isa = PBXBuildFile; fileRef = 9CBDDD6B21195B370099B3C0 /* SF-Pro-Display-ThinItalic.otf */; };
		9CBDDD8A21195B370099B3C0 /* SF-Pro-Text-LightItalic.otf in Resources */ = {isa = PBXBuildFile; fileRef = 9CBDDD6C21195B370099B3C0 /* SF-Pro-Text-LightItalic.otf */; };
		9CBDDD8B21195B370099B3C0 /* SF-Pro-Text-Medium.otf in Resources */ = {isa = PBXBuildFile; fileRef = 9CBDDD6D21195B370099B3C0 /* SF-Pro-Text-Medium.otf */; };
		9CBDDD8C21195B370099B3C0 /* SF-Pro-Display-BoldItalic.otf in Resources */ = {isa = PBXBuildFile; fileRef = 9CBDDD6E21195B370099B3C0 /* SF-Pro-Display-BoldItalic.otf */; };
		9CBDDD8D21195B370099B3C0 /* SF-Pro-Text-SemiboldItalic.otf in Resources */ = {isa = PBXBuildFile; fileRef = 9CBDDD6F21195B370099B3C0 /* SF-Pro-Text-SemiboldItalic.otf */; };
/* End PBXBuildFile section */

/* Begin PBXContainerItemProxy section */
		9C6BF0502118BEBA0091D6A4 /* PBXContainerItemProxy */ = {
			isa = PBXContainerItemProxy;
			containerPortal = 9C6BF0332118BEB90091D6A4 /* Project object */;
			proxyType = 1;
			remoteGlobalIDString = 9C6BF03A2118BEB90091D6A4;
			remoteInfo = Front;
		};
		9C6BF05B2118BEBB0091D6A4 /* PBXContainerItemProxy */ = {
			isa = PBXContainerItemProxy;
			containerPortal = 9C6BF0332118BEB90091D6A4 /* Project object */;
			proxyType = 1;
			remoteGlobalIDString = 9C6BF03A2118BEB90091D6A4;
			remoteInfo = Front;
		};
/* End PBXContainerItemProxy section */

/* Begin PBXFileReference section */
		9C6BF03B2118BEB90091D6A4 /* Front.app */ = {isa = PBXFileReference; explicitFileType = wrapper.application; includeInIndex = 0; path = Front.app; sourceTree = BUILT_PRODUCTS_DIR; };
		9C6BF03E2118BEB90091D6A4 /* AppDelegate.swift */ = {isa = PBXFileReference; lastKnownFileType = sourcecode.swift; path = AppDelegate.swift; sourceTree = "<group>"; };
		9C6BF0402118BEB90091D6A4 /* ViewController.swift */ = {isa = PBXFileReference; lastKnownFileType = sourcecode.swift; path = ViewController.swift; sourceTree = "<group>"; };
		9C6BF0432118BEB90091D6A4 /* Base */ = {isa = PBXFileReference; lastKnownFileType = file.storyboard; name = Base; path = Base.lproj/Main.storyboard; sourceTree = "<group>"; };
		9C6BF0452118BEBA0091D6A4 /* Assets.xcassets */ = {isa = PBXFileReference; lastKnownFileType = folder.assetcatalog; path = Assets.xcassets; sourceTree = "<group>"; };
		9C6BF0482118BEBA0091D6A4 /* Base */ = {isa = PBXFileReference; lastKnownFileType = file.storyboard; name = Base; path = Base.lproj/LaunchScreen.storyboard; sourceTree = "<group>"; };
		9C6BF04A2118BEBA0091D6A4 /* Info.plist */ = {isa = PBXFileReference; lastKnownFileType = text.plist.xml; path = Info.plist; sourceTree = "<group>"; };
		9C6BF04F2118BEBA0091D6A4 /* FrontTests.xctest */ = {isa = PBXFileReference; explicitFileType = wrapper.cfbundle; includeInIndex = 0; path = FrontTests.xctest; sourceTree = BUILT_PRODUCTS_DIR; };
		9C6BF0532118BEBA0091D6A4 /* FrontTests.swift */ = {isa = PBXFileReference; lastKnownFileType = sourcecode.swift; path = FrontTests.swift; sourceTree = "<group>"; };
		9C6BF0552118BEBA0091D6A4 /* Info.plist */ = {isa = PBXFileReference; lastKnownFileType = text.plist.xml; path = Info.plist; sourceTree = "<group>"; };
		9C6BF05A2118BEBB0091D6A4 /* FrontUITests.xctest */ = {isa = PBXFileReference; explicitFileType = wrapper.cfbundle; includeInIndex = 0; path = FrontUITests.xctest; sourceTree = BUILT_PRODUCTS_DIR; };
		9C6BF05E2118BEBB0091D6A4 /* FrontUITests.swift */ = {isa = PBXFileReference; lastKnownFileType = sourcecode.swift; path = FrontUITests.swift; sourceTree = "<group>"; };
		9C6BF0602118BEBB0091D6A4 /* Info.plist */ = {isa = PBXFileReference; lastKnownFileType = text.plist.xml; path = Info.plist; sourceTree = "<group>"; };
		9C6BF06C2118C2530091D6A4 /* Screen.png */ = {isa = PBXFileReference; lastKnownFileType = image.png; path = Screen.png; sourceTree = "<group>"; };
		9CBDDD5221195B370099B3C0 /* SF-Pro-Display-Thin.otf */ = {isa = PBXFileReference; lastKnownFileType = file; path = "SF-Pro-Display-Thin.otf"; sourceTree = "<group>"; };
		9CBDDD5321195B370099B3C0 /* SF-Pro-Display-SemiboldItalic.otf */ = {isa = PBXFileReference; lastKnownFileType = file; path = "SF-Pro-Display-SemiboldItalic.otf"; sourceTree = "<group>"; };
		9CBDDD5421195B370099B3C0 /* SF-Pro-Text-Heavy.otf */ = {isa = PBXFileReference; lastKnownFileType = file; path = "SF-Pro-Text-Heavy.otf"; sourceTree = "<group>"; };
		9CBDDD5521195B370099B3C0 /* SF-Pro-Display-RegularItalic.otf */ = {isa = PBXFileReference; lastKnownFileType = file; path = "SF-Pro-Display-RegularItalic.otf"; sourceTree = "<group>"; };
		9CBDDD5621195B370099B3C0 /* SF-Pro-Display-Light.otf */ = {isa = PBXFileReference; lastKnownFileType = file; path = "SF-Pro-Display-Light.otf"; sourceTree = "<group>"; };
		9CBDDD5721195B370099B3C0 /* SF-Pro-Display-Regular.otf */ = {isa = PBXFileReference; lastKnownFileType = file; path = "SF-Pro-Display-Regular.otf"; sourceTree = "<group>"; };
		9CBDDD5821195B370099B3C0 /* SF-Pro-Text-MediumItalic.otf */ = {isa = PBXFileReference; lastKnownFileType = file; path = "SF-Pro-Text-MediumItalic.otf"; sourceTree = "<group>"; };
		9CBDDD5921195B370099B3C0 /* SF-Pro-Display-Bold.otf */ = {isa = PBXFileReference; lastKnownFileType = file; path = "SF-Pro-Display-Bold.otf"; sourceTree = "<group>"; };
		9CBDDD5A21195B370099B3C0 /* SF-Pro-Display-Medium.otf */ = {isa = PBXFileReference; lastKnownFileType = file; path = "SF-Pro-Display-Medium.otf"; sourceTree = "<group>"; };
		9CBDDD5B21195B370099B3C0 /* SF-Pro-Display-Heavy.otf */ = {isa = PBXFileReference; lastKnownFileType = file; path = "SF-Pro-Display-Heavy.otf"; sourceTree = "<group>"; };
		9CBDDD5C21195B370099B3C0 /* SF-Pro-Text-Light.otf */ = {isa = PBXFileReference; lastKnownFileType = file; path = "SF-Pro-Text-Light.otf"; sourceTree = "<group>"; };
		9CBDDD5D21195B370099B3C0 /* SF-Pro-Display-Semibold.otf */ = {isa = PBXFileReference; lastKnownFileType = file; path = "SF-Pro-Display-Semibold.otf"; sourceTree = "<group>"; };
		9CBDDD5E21195B370099B3C0 /* SF-Pro-Text-Regular.otf */ = {isa = PBXFileReference; lastKnownFileType = file; path = "SF-Pro-Text-Regular.otf"; sourceTree = "<group>"; };
		9CBDDD5F21195B370099B3C0 /* SF-Pro-Text-Bold.otf */ = {isa = PBXFileReference; lastKnownFileType = file; path = "SF-Pro-Text-Bold.otf"; sourceTree = "<group>"; };
		9CBDDD6021195B370099B3C0 /* SF-Pro-Display-MediumItalic.otf */ = {isa = PBXFileReference; lastKnownFileType = file; path = "SF-Pro-Display-MediumItalic.otf"; sourceTree = "<group>"; };
		9CBDDD6121195B370099B3C0 /* SF-Pro-Display-HeavyItalic.otf */ = {isa = PBXFileReference; lastKnownFileType = file; path = "SF-Pro-Display-HeavyItalic.otf"; sourceTree = "<group>"; };
		9CBDDD6221195B370099B3C0 /* SF-Pro-Display-Ultralight.otf */ = {isa = PBXFileReference; lastKnownFileType = file; path = "SF-Pro-Display-Ultralight.otf"; sourceTree = "<group>"; };
		9CBDDD6321195B370099B3C0 /* SF-Pro-Display-UltralightItalic.otf */ = {isa = PBXFileReference; lastKnownFileType = file; path = "SF-Pro-Display-UltralightItalic.otf"; sourceTree = "<group>"; };
		9CBDDD6421195B370099B3C0 /* SF-Pro-Display-LightItalic.otf */ = {isa = PBXFileReference; lastKnownFileType = file; path = "SF-Pro-Display-LightItalic.otf"; sourceTree = "<group>"; };
		9CBDDD6521195B370099B3C0 /* SF-Pro-Display-BlackItalic.otf */ = {isa = PBXFileReference; lastKnownFileType = file; path = "SF-Pro-Display-BlackItalic.otf"; sourceTree = "<group>"; };
		9CBDDD6621195B370099B3C0 /* SF-Pro-Display-Black.otf */ = {isa = PBXFileReference; lastKnownFileType = file; path = "SF-Pro-Display-Black.otf"; sourceTree = "<group>"; };
		9CBDDD6721195B370099B3C0 /* SF-Pro-Text-BoldItalic.otf */ = {isa = PBXFileReference; lastKnownFileType = file; path = "SF-Pro-Text-BoldItalic.otf"; sourceTree = "<group>"; };
		9CBDDD6821195B370099B3C0 /* SF-Pro-Text-RegularItalic.otf */ = {isa = PBXFileReference; lastKnownFileType = file; path = "SF-Pro-Text-RegularItalic.otf"; sourceTree = "<group>"; };
		9CBDDD6921195B370099B3C0 /* SF-Pro-Text-Semibold.otf */ = {isa = PBXFileReference; lastKnownFileType = file; path = "SF-Pro-Text-Semibold.otf"; sourceTree = "<group>"; };
		9CBDDD6A21195B370099B3C0 /* SF-Pro-Text-HeavyItalic.otf */ = {isa = PBXFileReference; lastKnownFileType = file; path = "SF-Pro-Text-HeavyItalic.otf"; sourceTree = "<group>"; };
		9CBDDD6B21195B370099B3C0 /* SF-Pro-Display-ThinItalic.otf */ = {isa = PBXFileReference; lastKnownFileType = file; path = "SF-Pro-Display-ThinItalic.otf"; sourceTree = "<group>"; };
		9CBDDD6C21195B370099B3C0 /* SF-Pro-Text-LightItalic.otf */ = {isa = PBXFileReference; lastKnownFileType = file; path = "SF-Pro-Text-LightItalic.otf"; sourceTree = "<group>"; };
		9CBDDD6D21195B370099B3C0 /* SF-Pro-Text-Medium.otf */ = {isa = PBXFileReference; lastKnownFileType = file; path = "SF-Pro-Text-Medium.otf"; sourceTree = "<group>"; };
		9CBDDD6E21195B370099B3C0 /* SF-Pro-Display-BoldItalic.otf */ = {isa = PBXFileReference; lastKnownFileType = file; path = "SF-Pro-Display-BoldItalic.otf"; sourceTree = "<group>"; };
		9CBDDD6F21195B370099B3C0 /* SF-Pro-Text-SemiboldItalic.otf */ = {isa = PBXFileReference; lastKnownFileType = file; path = "SF-Pro-Text-SemiboldItalic.otf"; sourceTree = "<group>"; };
/* End PBXFileReference section */

/* Begin PBXFrameworksBuildPhase section */
		9C6BF0382118BEB90091D6A4 /* Frameworks */ = {
			isa = PBXFrameworksBuildPhase;
			buildActionMask = 2147483647;
			files = (
			);
			runOnlyForDeploymentPostprocessing = 0;
		};
		9C6BF04C2118BEBA0091D6A4 /* Frameworks */ = {
			isa = PBXFrameworksBuildPhase;
			buildActionMask = 2147483647;
			files = (
			);
			runOnlyForDeploymentPostprocessing = 0;
		};
		9C6BF0572118BEBB0091D6A4 /* Frameworks */ = {
			isa = PBXFrameworksBuildPhase;
			buildActionMask = 2147483647;
			files = (
			);
			runOnlyForDeploymentPostprocessing = 0;
		};
/* End PBXFrameworksBuildPhase section */

/* Begin PBXGroup section */
		9C6BF0322118BEB90091D6A4 = {
			isa = PBXGroup;
			children = (
				9C6BF03D2118BEB90091D6A4 /* Front */,
				9C6BF0522118BEBA0091D6A4 /* FrontTests */,
				9C6BF05D2118BEBB0091D6A4 /* FrontUITests */,
				9C6BF03C2118BEB90091D6A4 /* Products */,
			);
			sourceTree = "<group>";
		};
		9C6BF03C2118BEB90091D6A4 /* Products */ = {
			isa = PBXGroup;
			children = (
				9C6BF03B2118BEB90091D6A4 /* Front.app */,
				9C6BF04F2118BEBA0091D6A4 /* FrontTests.xctest */,
				9C6BF05A2118BEBB0091D6A4 /* FrontUITests.xctest */,
			);
			name = Products;
			sourceTree = "<group>";
		};
		9C6BF03D2118BEB90091D6A4 /* Front */ = {
			isa = PBXGroup;
			children = (
				9CBDDD8E211967680099B3C0 /* View */,
				9C6BF06C2118C2530091D6A4 /* Screen.png */,
				9C6BF03E2118BEB90091D6A4 /* AppDelegate.swift */,
				9C6BF0452118BEBA0091D6A4 /* Assets.xcassets */,
				9C6BF0472118BEBA0091D6A4 /* LaunchScreen.storyboard */,
				9C6BF04A2118BEBA0091D6A4 /* Info.plist */,
			);
			path = Front;
			sourceTree = "<group>";
		};
		9C6BF0522118BEBA0091D6A4 /* FrontTests */ = {
			isa = PBXGroup;
			children = (
				9C6BF0532118BEBA0091D6A4 /* FrontTests.swift */,
				9C6BF0552118BEBA0091D6A4 /* Info.plist */,
			);
			path = FrontTests;
			sourceTree = "<group>";
		};
		9C6BF05D2118BEBB0091D6A4 /* FrontUITests */ = {
			isa = PBXGroup;
			children = (
				9C6BF05E2118BEBB0091D6A4 /* FrontUITests.swift */,
				9C6BF0602118BEBB0091D6A4 /* Info.plist */,
			);
			path = FrontUITests;
			sourceTree = "<group>";
		};
		9CBDDD5121195B370099B3C0 /* SF Pro */ = {
			isa = PBXGroup;
			children = (
				9CBDDD5221195B370099B3C0 /* SF-Pro-Display-Thin.otf */,
				9CBDDD5321195B370099B3C0 /* SF-Pro-Display-SemiboldItalic.otf */,
				9CBDDD5421195B370099B3C0 /* SF-Pro-Text-Heavy.otf */,
				9CBDDD5521195B370099B3C0 /* SF-Pro-Display-RegularItalic.otf */,
				9CBDDD5621195B370099B3C0 /* SF-Pro-Display-Light.otf */,
				9CBDDD5721195B370099B3C0 /* SF-Pro-Display-Regular.otf */,
				9CBDDD5821195B370099B3C0 /* SF-Pro-Text-MediumItalic.otf */,
				9CBDDD5921195B370099B3C0 /* SF-Pro-Display-Bold.otf */,
				9CBDDD5A21195B370099B3C0 /* SF-Pro-Display-Medium.otf */,
				9CBDDD5B21195B370099B3C0 /* SF-Pro-Display-Heavy.otf */,
				9CBDDD5C21195B370099B3C0 /* SF-Pro-Text-Light.otf */,
				9CBDDD5D21195B370099B3C0 /* SF-Pro-Display-Semibold.otf */,
				9CBDDD5E21195B370099B3C0 /* SF-Pro-Text-Regular.otf */,
				9CBDDD5F21195B370099B3C0 /* SF-Pro-Text-Bold.otf */,
				9CBDDD6021195B370099B3C0 /* SF-Pro-Display-MediumItalic.otf */,
				9CBDDD6121195B370099B3C0 /* SF-Pro-Display-HeavyItalic.otf */,
				9CBDDD6221195B370099B3C0 /* SF-Pro-Display-Ultralight.otf */,
				9CBDDD6321195B370099B3C0 /* SF-Pro-Display-UltralightItalic.otf */,
				9CBDDD6421195B370099B3C0 /* SF-Pro-Display-LightItalic.otf */,
				9CBDDD6521195B370099B3C0 /* SF-Pro-Display-BlackItalic.otf */,
				9CBDDD6621195B370099B3C0 /* SF-Pro-Display-Black.otf */,
				9CBDDD6721195B370099B3C0 /* SF-Pro-Text-BoldItalic.otf */,
				9CBDDD6821195B370099B3C0 /* SF-Pro-Text-RegularItalic.otf */,
				9CBDDD6921195B370099B3C0 /* SF-Pro-Text-Semibold.otf */,
				9CBDDD6A21195B370099B3C0 /* SF-Pro-Text-HeavyItalic.otf */,
				9CBDDD6B21195B370099B3C0 /* SF-Pro-Display-ThinItalic.otf */,
				9CBDDD6C21195B370099B3C0 /* SF-Pro-Text-LightItalic.otf */,
				9CBDDD6D21195B370099B3C0 /* SF-Pro-Text-Medium.otf */,
				9CBDDD6E21195B370099B3C0 /* SF-Pro-Display-BoldItalic.otf */,
				9CBDDD6F21195B370099B3C0 /* SF-Pro-Text-SemiboldItalic.otf */,
			);
			path = "SF Pro";
			sourceTree = "<group>";
		};
		9CBDDD8E211967680099B3C0 /* View */ = {
			isa = PBXGroup;
			children = (
				9CBDDD5121195B370099B3C0 /* SF Pro */,
				9C6BF0402118BEB90091D6A4 /* ViewController.swift */,
				9C6BF0422118BEB90091D6A4 /* Main.storyboard */,
			);
			path = View;
			sourceTree = "<group>";
		};
/* End PBXGroup section */

/* Begin PBXNativeTarget section */
		9C6BF03A2118BEB90091D6A4 /* Front */ = {
			isa = PBXNativeTarget;
			buildConfigurationList = 9C6BF0632118BEBB0091D6A4 /* Build configuration list for PBXNativeTarget "Front" */;
			buildPhases = (
				9C6BF0372118BEB90091D6A4 /* Sources */,
				9C6BF0382118BEB90091D6A4 /* Frameworks */,
				9C6BF0392118BEB90091D6A4 /* Resources */,
			);
			buildRules = (
			);
			dependencies = (
			);
			name = Front;
			productName = Front;
			productReference = 9C6BF03B2118BEB90091D6A4 /* Front.app */;
			productType = "com.apple.product-type.application";
		};
		9C6BF04E2118BEBA0091D6A4 /* FrontTests */ = {
			isa = PBXNativeTarget;
			buildConfigurationList = 9C6BF0662118BEBB0091D6A4 /* Build configuration list for PBXNativeTarget "FrontTests" */;
			buildPhases = (
				9C6BF04B2118BEBA0091D6A4 /* Sources */,
				9C6BF04C2118BEBA0091D6A4 /* Frameworks */,
				9C6BF04D2118BEBA0091D6A4 /* Resources */,
			);
			buildRules = (
			);
			dependencies = (
				9C6BF0512118BEBA0091D6A4 /* PBXTargetDependency */,
			);
			name = FrontTests;
			productName = FrontTests;
			productReference = 9C6BF04F2118BEBA0091D6A4 /* FrontTests.xctest */;
			productType = "com.apple.product-type.bundle.unit-test";
		};
		9C6BF0592118BEBB0091D6A4 /* FrontUITests */ = {
			isa = PBXNativeTarget;
			buildConfigurationList = 9C6BF0692118BEBB0091D6A4 /* Build configuration list for PBXNativeTarget "FrontUITests" */;
			buildPhases = (
				9C6BF0562118BEBB0091D6A4 /* Sources */,
				9C6BF0572118BEBB0091D6A4 /* Frameworks */,
				9C6BF0582118BEBB0091D6A4 /* Resources */,
			);
			buildRules = (
			);
			dependencies = (
				9C6BF05C2118BEBB0091D6A4 /* PBXTargetDependency */,
			);
			name = FrontUITests;
			productName = FrontUITests;
			productReference = 9C6BF05A2118BEBB0091D6A4 /* FrontUITests.xctest */;
			productType = "com.apple.product-type.bundle.ui-testing";
		};
/* End PBXNativeTarget section */

/* Begin PBXProject section */
		9C6BF0332118BEB90091D6A4 /* Project object */ = {
			isa = PBXProject;
			attributes = {
				LastSwiftUpdateCheck = 0940;
				LastUpgradeCheck = 0940;
				ORGANIZATIONNAME = "Marcelo Martimiano Junior";
				TargetAttributes = {
					9C6BF03A2118BEB90091D6A4 = {
						CreatedOnToolsVersion = 9.4.1;
					};
					9C6BF04E2118BEBA0091D6A4 = {
						CreatedOnToolsVersion = 9.4.1;
						TestTargetID = 9C6BF03A2118BEB90091D6A4;
					};
					9C6BF0592118BEBB0091D6A4 = {
						CreatedOnToolsVersion = 9.4.1;
						TestTargetID = 9C6BF03A2118BEB90091D6A4;
					};
				};
			};
			buildConfigurationList = 9C6BF0362118BEB90091D6A4 /* Build configuration list for PBXProject "Front" */;
			compatibilityVersion = "Xcode 9.3";
			developmentRegion = en;
			hasScannedForEncodings = 0;
			knownRegions = (
				en,
				Base,
			);
			mainGroup = 9C6BF0322118BEB90091D6A4;
			productRefGroup = 9C6BF03C2118BEB90091D6A4 /* Products */;
			projectDirPath = "";
			projectRoot = "";
			targets = (
				9C6BF03A2118BEB90091D6A4 /* Front */,
				9C6BF04E2118BEBA0091D6A4 /* FrontTests */,
				9C6BF0592118BEBB0091D6A4 /* FrontUITests */,
			);
		};
/* End PBXProject section */

/* Begin PBXResourcesBuildPhase section */
		9C6BF0392118BEB90091D6A4 /* Resources */ = {
			isa = PBXResourcesBuildPhase;
			buildActionMask = 2147483647;
			files = (
				9CBDDD8521195B370099B3C0 /* SF-Pro-Text-BoldItalic.otf in Resources */,
				9CBDDD7021195B370099B3C0 /* SF-Pro-Display-Thin.otf in Resources */,
				9C6BF0492118BEBA0091D6A4 /* LaunchScreen.storyboard in Resources */,
				9CBDDD7E21195B370099B3C0 /* SF-Pro-Display-MediumItalic.otf in Resources */,
				9CBDDD8B21195B370099B3C0 /* SF-Pro-Text-Medium.otf in Resources */,
				9CBDDD7721195B370099B3C0 /* SF-Pro-Display-Bold.otf in Resources */,
				9CBDDD7821195B370099B3C0 /* SF-Pro-Display-Medium.otf in Resources */,
				9CBDDD7121195B370099B3C0 /* SF-Pro-Display-SemiboldItalic.otf in Resources */,
				9CBDDD7221195B370099B3C0 /* SF-Pro-Text-Heavy.otf in Resources */,
				9CBDDD8421195B370099B3C0 /* SF-Pro-Display-Black.otf in Resources */,
				9CBDDD8D21195B370099B3C0 /* SF-Pro-Text-SemiboldItalic.otf in Resources */,
				9CBDDD8321195B370099B3C0 /* SF-Pro-Display-BlackItalic.otf in Resources */,
				9CBDDD8121195B370099B3C0 /* SF-Pro-Display-UltralightItalic.otf in Resources */,
				9CBDDD7421195B370099B3C0 /* SF-Pro-Display-Light.otf in Resources */,
				9CBDDD7321195B370099B3C0 /* SF-Pro-Display-RegularItalic.otf in Resources */,
				9CBDDD8021195B370099B3C0 /* SF-Pro-Display-Ultralight.otf in Resources */,
				9CBDDD7D21195B370099B3C0 /* SF-Pro-Text-Bold.otf in Resources */,
				9CBDDD7B21195B370099B3C0 /* SF-Pro-Display-Semibold.otf in Resources */,
				9CBDDD8A21195B370099B3C0 /* SF-Pro-Text-LightItalic.otf in Resources */,
				9CBDDD8C21195B370099B3C0 /* SF-Pro-Display-BoldItalic.otf in Resources */,
				9C6BF06D2118C2530091D6A4 /* Screen.png in Resources */,
				9CBDDD7921195B370099B3C0 /* SF-Pro-Display-Heavy.otf in Resources */,
				9CBDDD7621195B370099B3C0 /* SF-Pro-Text-MediumItalic.otf in Resources */,
				9C6BF0462118BEBA0091D6A4 /* Assets.xcassets in Resources */,
				9CBDDD8721195B370099B3C0 /* SF-Pro-Text-Semibold.otf in Resources */,
				9CBDDD7C21195B370099B3C0 /* SF-Pro-Text-Regular.otf in Resources */,
				9CBDDD7521195B370099B3C0 /* SF-Pro-Display-Regular.otf in Resources */,
				9C6BF0442118BEB90091D6A4 /* Main.storyboard in Resources */,
				9CBDDD8221195B370099B3C0 /* SF-Pro-Display-LightItalic.otf in Resources */,
				9CBDDD8821195B370099B3C0 /* SF-Pro-Text-HeavyItalic.otf in Resources */,
				9CBDDD7A21195B370099B3C0 /* SF-Pro-Text-Light.otf in Resources */,
				9CBDDD8621195B370099B3C0 /* SF-Pro-Text-RegularItalic.otf in Resources */,
				9CBDDD8921195B370099B3C0 /* SF-Pro-Display-ThinItalic.otf in Resources */,
				9CBDDD7F21195B370099B3C0 /* SF-Pro-Display-HeavyItalic.otf in Resources */,
			);
			runOnlyForDeploymentPostprocessing = 0;
		};
		9C6BF04D2118BEBA0091D6A4 /* Resources */ = {
			isa = PBXResourcesBuildPhase;
			buildActionMask = 2147483647;
			files = (
			);
			runOnlyForDeploymentPostprocessing = 0;
		};
		9C6BF0582118BEBB0091D6A4 /* Resources */ = {
			isa = PBXResourcesBuildPhase;
			buildActionMask = 2147483647;
			files = (
			);
			runOnlyForDeploymentPostprocessing = 0;
		};
/* End PBXResourcesBuildPhase section */

/* Begin PBXSourcesBuildPhase section */
		9C6BF0372118BEB90091D6A4 /* Sources */ = {
			isa = PBXSourcesBuildPhase;
			buildActionMask = 2147483647;
			files = (
				9C6BF0412118BEB90091D6A4 /* ViewController.swift in Sources */,
				9C6BF03F2118BEB90091D6A4 /* AppDelegate.swift in Sources */,
			);
			runOnlyForDeploymentPostprocessing = 0;
		};
		9C6BF04B2118BEBA0091D6A4 /* Sources */ = {
			isa = PBXSourcesBuildPhase;
			buildActionMask = 2147483647;
			files = (
				9C6BF0542118BEBA0091D6A4 /* FrontTests.swift in Sources */,
			);
			runOnlyForDeploymentPostprocessing = 0;
		};
		9C6BF0562118BEBB0091D6A4 /* Sources */ = {
			isa = PBXSourcesBuildPhase;
			buildActionMask = 2147483647;
			files = (
				9C6BF05F2118BEBB0091D6A4 /* FrontUITests.swift in Sources */,
			);
			runOnlyForDeploymentPostprocessing = 0;
		};
/* End PBXSourcesBuildPhase section */

/* Begin PBXTargetDependency section */
		9C6BF0512118BEBA0091D6A4 /* PBXTargetDependency */ = {
			isa = PBXTargetDependency;
			target = 9C6BF03A2118BEB90091D6A4 /* Front */;
			targetProxy = 9C6BF0502118BEBA0091D6A4 /* PBXContainerItemProxy */;
		};
		9C6BF05C2118BEBB0091D6A4 /* PBXTargetDependency */ = {
			isa = PBXTargetDependency;
			target = 9C6BF03A2118BEB90091D6A4 /* Front */;
			targetProxy = 9C6BF05B2118BEBB0091D6A4 /* PBXContainerItemProxy */;
		};
/* End PBXTargetDependency section */

/* Begin PBXVariantGroup section */
		9C6BF0422118BEB90091D6A4 /* Main.storyboard */ = {
			isa = PBXVariantGroup;
			children = (
				9C6BF0432118BEB90091D6A4 /* Base */,
			);
			name = Main.storyboard;
			sourceTree = "<group>";
		};
		9C6BF0472118BEBA0091D6A4 /* LaunchScreen.storyboard */ = {
			isa = PBXVariantGroup;
			children = (
				9C6BF0482118BEBA0091D6A4 /* Base */,
			);
			name = LaunchScreen.storyboard;
			sourceTree = "<group>";
		};
/* End PBXVariantGroup section */

/* Begin XCBuildConfiguration section */
		9C6BF0612118BEBB0091D6A4 /* Debug */ = {
			isa = XCBuildConfiguration;
			buildSettings = {
				ALWAYS_SEARCH_USER_PATHS = NO;
				CLANG_ANALYZER_NONNULL = YES;
				CLANG_ANALYZER_NUMBER_OBJECT_CONVERSION = YES_AGGRESSIVE;
				CLANG_CXX_LANGUAGE_STANDARD = "gnu++14";
				CLANG_CXX_LIBRARY = "libc++";
				CLANG_ENABLE_MODULES = YES;
				CLANG_ENABLE_OBJC_ARC = YES;
				CLANG_ENABLE_OBJC_WEAK = YES;
				CLANG_WARN_BLOCK_CAPTURE_AUTORELEASING = YES;
				CLANG_WARN_BOOL_CONVERSION = YES;
				CLANG_WARN_COMMA = YES;
				CLANG_WARN_CONSTANT_CONVERSION = YES;
				CLANG_WARN_DEPRECATED_OBJC_IMPLEMENTATIONS = YES;
				CLANG_WARN_DIRECT_OBJC_ISA_USAGE = YES_ERROR;
				CLANG_WARN_DOCUMENTATION_COMMENTS = YES;
				CLANG_WARN_EMPTY_BODY = YES;
				CLANG_WARN_ENUM_CONVERSION = YES;
				CLANG_WARN_INFINITE_RECURSION = YES;
				CLANG_WARN_INT_CONVERSION = YES;
				CLANG_WARN_NON_LITERAL_NULL_CONVERSION = YES;
				CLANG_WARN_OBJC_IMPLICIT_RETAIN_SELF = YES;
				CLANG_WARN_OBJC_LITERAL_CONVERSION = YES;
				CLANG_WARN_OBJC_ROOT_CLASS = YES_ERROR;
				CLANG_WARN_RANGE_LOOP_ANALYSIS = YES;
				CLANG_WARN_STRICT_PROTOTYPES = YES;
				CLANG_WARN_SUSPICIOUS_MOVE = YES;
				CLANG_WARN_UNGUARDED_AVAILABILITY = YES_AGGRESSIVE;
				CLANG_WARN_UNREACHABLE_CODE = YES;
				CLANG_WARN__DUPLICATE_METHOD_MATCH = YES;
				CODE_SIGN_IDENTITY = "iPhone Developer";
				COPY_PHASE_STRIP = NO;
				DEBUG_INFORMATION_FORMAT = dwarf;
				ENABLE_STRICT_OBJC_MSGSEND = YES;
				ENABLE_TESTABILITY = YES;
				GCC_C_LANGUAGE_STANDARD = gnu11;
				GCC_DYNAMIC_NO_PIC = NO;
				GCC_NO_COMMON_BLOCKS = YES;
				GCC_OPTIMIZATION_LEVEL = 0;
				GCC_PREPROCESSOR_DEFINITIONS = (
					"DEBUG=1",
					"$(inherited)",
				);
				GCC_WARN_64_TO_32_BIT_CONVERSION = YES;
				GCC_WARN_ABOUT_RETURN_TYPE = YES_ERROR;
				GCC_WARN_UNDECLARED_SELECTOR = YES;
				GCC_WARN_UNINITIALIZED_AUTOS = YES_AGGRESSIVE;
				GCC_WARN_UNUSED_FUNCTION = YES;
				GCC_WARN_UNUSED_VARIABLE = YES;
				IPHONEOS_DEPLOYMENT_TARGET = 11.4;
				MTL_ENABLE_DEBUG_INFO = YES;
				ONLY_ACTIVE_ARCH = YES;
				SDKROOT = iphoneos;
				SWIFT_ACTIVE_COMPILATION_CONDITIONS = DEBUG;
				SWIFT_OPTIMIZATION_LEVEL = "-Onone";
			};
			name = Debug;
		};
		9C6BF0622118BEBB0091D6A4 /* Release */ = {
			isa = XCBuildConfiguration;
			buildSettings = {
				ALWAYS_SEARCH_USER_PATHS = NO;
				CLANG_ANALYZER_NONNULL = YES;
				CLANG_ANALYZER_NUMBER_OBJECT_CONVERSION = YES_AGGRESSIVE;
				CLANG_CXX_LANGUAGE_STANDARD = "gnu++14";
				CLANG_CXX_LIBRARY = "libc++";
				CLANG_ENABLE_MODULES = YES;
				CLANG_ENABLE_OBJC_ARC = YES;
				CLANG_ENABLE_OBJC_WEAK = YES;
				CLANG_WARN_BLOCK_CAPTURE_AUTORELEASING = YES;
				CLANG_WARN_BOOL_CONVERSION = YES;
				CLANG_WARN_COMMA = YES;
				CLANG_WARN_CONSTANT_CONVERSION = YES;
				CLANG_WARN_DEPRECATED_OBJC_IMPLEMENTATIONS = YES;
				CLANG_WARN_DIRECT_OBJC_ISA_USAGE = YES_ERROR;
				CLANG_WARN_DOCUMENTATION_COMMENTS = YES;
				CLANG_WARN_EMPTY_BODY = YES;
				CLANG_WARN_ENUM_CONVERSION = YES;
				CLANG_WARN_INFINITE_RECURSION = YES;
				CLANG_WARN_INT_CONVERSION = YES;
				CLANG_WARN_NON_LITERAL_NULL_CONVERSION = YES;
				CLANG_WARN_OBJC_IMPLICIT_RETAIN_SELF = YES;
				CLANG_WARN_OBJC_LITERAL_CONVERSION = YES;
				CLANG_WARN_OBJC_ROOT_CLASS = YES_ERROR;
				CLANG_WARN_RANGE_LOOP_ANALYSIS = YES;
				CLANG_WARN_STRICT_PROTOTYPES = YES;
				CLANG_WARN_SUSPICIOUS_MOVE = YES;
				CLANG_WARN_UNGUARDED_AVAILABILITY = YES_AGGRESSIVE;
				CLANG_WARN_UNREACHABLE_CODE = YES;
				CLANG_WARN__DUPLICATE_METHOD_MATCH = YES;
				CODE_SIGN_IDENTITY = "iPhone Developer";
				COPY_PHASE_STRIP = NO;
				DEBUG_INFORMATION_FORMAT = "dwarf-with-dsym";
				ENABLE_NS_ASSERTIONS = NO;
				ENABLE_STRICT_OBJC_MSGSEND = YES;
				GCC_C_LANGUAGE_STANDARD = gnu11;
				GCC_NO_COMMON_BLOCKS = YES;
				GCC_WARN_64_TO_32_BIT_CONVERSION = YES;
				GCC_WARN_ABOUT_RETURN_TYPE = YES_ERROR;
				GCC_WARN_UNDECLARED_SELECTOR = YES;
				GCC_WARN_UNINITIALIZED_AUTOS = YES_AGGRESSIVE;
				GCC_WARN_UNUSED_FUNCTION = YES;
				GCC_WARN_UNUSED_VARIABLE = YES;
				IPHONEOS_DEPLOYMENT_TARGET = 11.4;
				MTL_ENABLE_DEBUG_INFO = NO;
				SDKROOT = iphoneos;
				SWIFT_COMPILATION_MODE = wholemodule;
				SWIFT_OPTIMIZATION_LEVEL = "-O";
				VALIDATE_PRODUCT = YES;
			};
			name = Release;
		};
		9C6BF0642118BEBB0091D6A4 /* Debug */ = {
			isa = XCBuildConfiguration;
			buildSettings = {
				ASSETCATALOG_COMPILER_APPICON_NAME = AppIcon;
				CODE_SIGN_STYLE = Automatic;
				DEVELOPMENT_TEAM = "";
				INFOPLIST_FILE = Front/Info.plist;
				LD_RUNPATH_SEARCH_PATHS = (
					"$(inherited)",
					"@executable_path/Frameworks",
				);
				PRODUCT_BUNDLE_IDENTIFIER = martimiano.Front;
				PRODUCT_NAME = "$(TARGET_NAME)";
				SWIFT_VERSION = 4.0;
				TARGETED_DEVICE_FAMILY = "1,2";
			};
			name = Debug;
		};
		9C6BF0652118BEBB0091D6A4 /* Release */ = {
			isa = XCBuildConfiguration;
			buildSettings = {
				ASSETCATALOG_COMPILER_APPICON_NAME = AppIcon;
				CODE_SIGN_STYLE = Automatic;
				DEVELOPMENT_TEAM = "";
				INFOPLIST_FILE = Front/Info.plist;
				LD_RUNPATH_SEARCH_PATHS = (
					"$(inherited)",
					"@executable_path/Frameworks",
				);
				PRODUCT_BUNDLE_IDENTIFIER = martimiano.Front;
				PRODUCT_NAME = "$(TARGET_NAME)";
				SWIFT_VERSION = 4.0;
				TARGETED_DEVICE_FAMILY = "1,2";
			};
			name = Release;
		};
		9C6BF0672118BEBB0091D6A4 /* Debug */ = {
			isa = XCBuildConfiguration;
			buildSettings = {
				ALWAYS_EMBED_SWIFT_STANDARD_LIBRARIES = YES;
				BUNDLE_LOADER = "$(TEST_HOST)";
				CODE_SIGN_STYLE = Automatic;
				DEVELOPMENT_TEAM = J5KQYDNX5E;
				INFOPLIST_FILE = FrontTests/Info.plist;
				LD_RUNPATH_SEARCH_PATHS = (
					"$(inherited)",
					"@executable_path/Frameworks",
					"@loader_path/Frameworks",
				);
				PRODUCT_BUNDLE_IDENTIFIER = martimiano.FrontTests;
				PRODUCT_NAME = "$(TARGET_NAME)";
				SWIFT_VERSION = 4.0;
				TARGETED_DEVICE_FAMILY = "1,2";
				TEST_HOST = "$(BUILT_PRODUCTS_DIR)/Front.app/Front";
			};
			name = Debug;
		};
		9C6BF0682118BEBB0091D6A4 /* Release */ = {
			isa = XCBuildConfiguration;
			buildSettings = {
				ALWAYS_EMBED_SWIFT_STANDARD_LIBRARIES = YES;
				BUNDLE_LOADER = "$(TEST_HOST)";
				CODE_SIGN_STYLE = Automatic;
				DEVELOPMENT_TEAM = J5KQYDNX5E;
				INFOPLIST_FILE = FrontTests/Info.plist;
				LD_RUNPATH_SEARCH_PATHS = (
					"$(inherited)",
					"@executable_path/Frameworks",
					"@loader_path/Frameworks",
				);
				PRODUCT_BUNDLE_IDENTIFIER = martimiano.FrontTests;
				PRODUCT_NAME = "$(TARGET_NAME)";
				SWIFT_VERSION = 4.0;
				TARGETED_DEVICE_FAMILY = "1,2";
				TEST_HOST = "$(BUILT_PRODUCTS_DIR)/Front.app/Front";
			};
			name = Release;
		};
		9C6BF06A2118BEBB0091D6A4 /* Debug */ = {
			isa = XCBuildConfiguration;
			buildSettings = {
				ALWAYS_EMBED_SWIFT_STANDARD_LIBRARIES = YES;
				CODE_SIGN_STYLE = Automatic;
				DEVELOPMENT_TEAM = J5KQYDNX5E;
				INFOPLIST_FILE = FrontUITests/Info.plist;
				LD_RUNPATH_SEARCH_PATHS = (
					"$(inherited)",
					"@executable_path/Frameworks",
					"@loader_path/Frameworks",
				);
				PRODUCT_BUNDLE_IDENTIFIER = martimiano.FrontUITests;
				PRODUCT_NAME = "$(TARGET_NAME)";
				SWIFT_VERSION = 4.0;
				TARGETED_DEVICE_FAMILY = "1,2";
				TEST_TARGET_NAME = Front;
			};
			name = Debug;
		};
		9C6BF06B2118BEBB0091D6A4 /* Release */ = {
			isa = XCBuildConfiguration;
			buildSettings = {
				ALWAYS_EMBED_SWIFT_STANDARD_LIBRARIES = YES;
				CODE_SIGN_STYLE = Automatic;
				DEVELOPMENT_TEAM = J5KQYDNX5E;
				INFOPLIST_FILE = FrontUITests/Info.plist;
				LD_RUNPATH_SEARCH_PATHS = (
					"$(inherited)",
					"@executable_path/Frameworks",
					"@loader_path/Frameworks",
				);
				PRODUCT_BUNDLE_IDENTIFIER = martimiano.FrontUITests;
				PRODUCT_NAME = "$(TARGET_NAME)";
				SWIFT_VERSION = 4.0;
				TARGETED_DEVICE_FAMILY = "1,2";
				TEST_TARGET_NAME = Front;
			};
			name = Release;
		};
/* End XCBuildConfiguration section */

/* Begin XCConfigurationList section */
		9C6BF0362118BEB90091D6A4 /* Build configuration list for PBXProject "Front" */ = {
			isa = XCConfigurationList;
			buildConfigurations = (
				9C6BF0612118BEBB0091D6A4 /* Debug */,
				9C6BF0622118BEBB0091D6A4 /* Release */,
			);
			defaultConfigurationIsVisible = 0;
			defaultConfigurationName = Release;
		};
		9C6BF0632118BEBB0091D6A4 /* Build configuration list for PBXNativeTarget "Front" */ = {
			isa = XCConfigurationList;
			buildConfigurations = (
				9C6BF0642118BEBB0091D6A4 /* Debug */,
				9C6BF0652118BEBB0091D6A4 /* Release */,
			);
			defaultConfigurationIsVisible = 0;
			defaultConfigurationName = Release;
		};
		9C6BF0662118BEBB0091D6A4 /* Build configuration list for PBXNativeTarget "FrontTests" */ = {
			isa = XCConfigurationList;
			buildConfigurations = (
				9C6BF0672118BEBB0091D6A4 /* Debug */,
				9C6BF0682118BEBB0091D6A4 /* Release */,
			);
			defaultConfigurationIsVisible = 0;
			defaultConfigurationName = Release;
		};
		9C6BF0692118BEBB0091D6A4 /* Build configuration list for PBXNativeTarget "FrontUITests" */ = {
			isa = XCConfigurationList;
			buildConfigurations = (
				9C6BF06A2118BEBB0091D6A4 /* Debug */,
				9C6BF06B2118BEBB0091D6A4 /* Release */,
			);
			defaultConfigurationIsVisible = 0;
			defaultConfigurationName = Release;
		};
/* End XCConfigurationList section */
	};
	rootObject = 9C6BF0332118BEB90091D6A4 /* Project object */;
}
